
Microsoft Visual Studio Solution File, Format Version 12.00
# Visual Studio 15
VisualStudioVersion = 15.0.26430.16
MinimumVisualStudioVersion = 10.0.40219.1
Project("{8BC9CEB8-8B4A-11D0-8D11-00A0C91BC942}") = "Control", "Control\Control.vcxproj", "{6414026B-B025-4D7D-8AB7-62334FCF15BB}"
EndProject
Project("{8BC9CEB8-8B4A-11D0-8D11-00A0C91BC942}") = "EventEngine", "EventEngine\EventEngine.vcxproj", "{242036BA-23FC-411E-A1EB-762CC22BB1C4}"
EndProject
Project("{8BC9CEB8-8B4A-11D0-8D11-00A0C91BC942}") = "Graphics", "Graphics\Graphics.vcxproj", "{CAD1D40C-2B96-4D8D-82D2-F09EFB063657}"
EndProject
Project("{8BC9CEB8-8B4A-11D0-8D11-00A0C91BC942}") = "Label", "Label\Label.vcxproj", "{9F8949E6-0A24-4DF9-BDC1-D4E1B66DB832}"
EndProject
Project("{8BC9CEB8-8B4A-11D0-8D11-00A0C91BC942}") = "MessageBox", "MessageBox\MessageBox.vcxproj", "{BFF7B166-CFB7-426C-BC16-91E4A35F9882}"
EndProject
Project("{8BC9CEB8-8B4A-11D0-8D11-00A0C91BC942}") = "NumericBox", "NumericBox\NumericBox.vcxproj", "{055644B3-BA8F-4B7D-8017-587CD6E4C994}"
EndProject
Project("{8BC9CEB8-8B4A-11D0-8D11-00A0C91BC942}") = "Panel", "Panel\Panel.vcxproj", "{300AB88E-2003-40C5-81BC-F96D4571E6BE}"
EndProject
Project("{8BC9CEB8-8B4A-11D0-8D11-00A0C91BC942}") = "RadioList", "RadioList\RadioList.vcxproj", "{40BDD307-E2A8-4837-A4C6-53DCB4E8A674}"
EndProject
Project("{8BC9CEB8-8B4A-11D0-8D11-00A0C91BC942}") = "TextBox", "TextBox\TextBox.vcxproj", "{FDB2EED9-B7F8-4C41-91AE-EBCF966A0D39}"
EndProject
Project("{8BC9CEB8-8B4A-11D0-8D11-00A0C91BC942}") = "Button", "Button\Button.vcxproj", "{70894F01-3194-4CCC-947C-E87F90101351}"
EndProject
Project("{8BC9CEB8-8B4A-11D0-8D11-00A0C91BC942}") = "CheckList", "CheckList\CheckList.vcxproj", "{07D4FA24-B4FA-4D66-97F1-9B5E13674800}"
EndProject
Project("{8BC9CEB8-8B4A-11D0-8D11-00A0C91BC942}") = "SE_Methods_2017-1", "SE_Methods_2017-1\SE_Methods_2017-1.vcxproj", "{B907694C-D0A7-4E4B-AE52-8FE1D723E184}"
EndProject
Project("{8BC9CEB8-8B4A-11D0-8D11-00A0C91BC942}") = "ComboBox", "ComboBox\ComboBox.vcxproj", "{B9701A03-BBF3-4EBF-9854-357778DBC99C}"
EndProject
Global
	GlobalSection(SolutionConfigurationPlatforms) = preSolution
		Debug|Win32 = Debug|Win32
		Debug|x64 = Debug|x64
		Release|Win32 = Release|Win32
		Release|x64 = Release|x64
	EndGlobalSection
	GlobalSection(ProjectConfigurationPlatforms) = postSolution
		{6414026B-B025-4D7D-8AB7-62334FCF15BB}.Debug|Win32.ActiveCfg = Debug|Win32
		{6414026B-B025-4D7D-8AB7-62334FCF15BB}.Debug|Win32.Build.0 = Debug|Win32
		{6414026B-B025-4D7D-8AB7-62334FCF15BB}.Debug|x64.ActiveCfg = Debug|x64
		{6414026B-B025-4D7D-8AB7-62334FCF15BB}.Debug|x64.Build.0 = Debug|x64
		{6414026B-B025-4D7D-8AB7-62334FCF15BB}.Release|Win32.ActiveCfg = Release|Win32
		{6414026B-B025-4D7D-8AB7-62334FCF15BB}.Release|Win32.Build.0 = Release|Win32
		{6414026B-B025-4D7D-8AB7-62334FCF15BB}.Release|x64.ActiveCfg = Release|x64
		{6414026B-B025-4D7D-8AB7-62334FCF15BB}.Release|x64.Build.0 = Release|x64
		{242036BA-23FC-411E-A1EB-762CC22BB1C4}.Debug|Win32.ActiveCfg = Debug|Win32
		{242036BA-23FC-411E-A1EB-762CC22BB1C4}.Debug|Win32.Build.0 = Debug|Win32
		{242036BA-23FC-411E-A1EB-762CC22BB1C4}.Debug|x64.ActiveCfg = Debug|x64
		{242036BA-23FC-411E-A1EB-762CC22BB1C4}.Debug|x64.Build.0 = Debug|x64
		{242036BA-23FC-411E-A1EB-762CC22BB1C4}.Release|Win32.ActiveCfg = Release|Win32
		{242036BA-23FC-411E-A1EB-762CC22BB1C4}.Release|Win32.Build.0 = Release|Win32
		{242036BA-23FC-411E-A1EB-762CC22BB1C4}.Release|x64.ActiveCfg = Release|x64
		{242036BA-23FC-411E-A1EB-762CC22BB1C4}.Release|x64.Build.0 = Release|x64
		{CAD1D40C-2B96-4D8D-82D2-F09EFB063657}.Debug|Win32.ActiveCfg = Debug|Win32
		{CAD1D40C-2B96-4D8D-82D2-F09EFB063657}.Debug|Win32.Build.0 = Debug|Win32
		{CAD1D40C-2B96-4D8D-82D2-F09EFB063657}.Debug|x64.ActiveCfg = Debug|x64
		{CAD1D40C-2B96-4D8D-82D2-F09EFB063657}.Debug|x64.Build.0 = Debug|x64
		{CAD1D40C-2B96-4D8D-82D2-F09EFB063657}.Release|Win32.ActiveCfg = Release|Win32
		{CAD1D40C-2B96-4D8D-82D2-F09EFB063657}.Release|Win32.Build.0 = Release|Win32
		{CAD1D40C-2B96-4D8D-82D2-F09EFB063657}.Release|x64.ActiveCfg = Release|x64
		{CAD1D40C-2B96-4D8D-82D2-F09EFB063657}.Release|x64.Build.0 = Release|x64
		{9F8949E6-0A24-4DF9-BDC1-D4E1B66DB832}.Debug|Win32.ActiveCfg = Debug|Win32
		{9F8949E6-0A24-4DF9-BDC1-D4E1B66DB832}.Debug|Win32.Build.0 = Debug|Win32
		{9F8949E6-0A24-4DF9-BDC1-D4E1B66DB832}.Debug|x64.ActiveCfg = Debug|x64
		{9F8949E6-0A24-4DF9-BDC1-D4E1B66DB832}.Debug|x64.Build.0 = Debug|x64
		{9F8949E6-0A24-4DF9-BDC1-D4E1B66DB832}.Release|Win32.ActiveCfg = Release|Win32
		{9F8949E6-0A24-4DF9-BDC1-D4E1B66DB832}.Release|Win32.Build.0 = Release|Win32
		{9F8949E6-0A24-4DF9-BDC1-D4E1B66DB832}.Release|x64.ActiveCfg = Release|x64
		{9F8949E6-0A24-4DF9-BDC1-D4E1B66DB832}.Release|x64.Build.0 = Release|x64
		{BFF7B166-CFB7-426C-BC16-91E4A35F9882}.Debug|Win32.ActiveCfg = Debug|Win32
		{BFF7B166-CFB7-426C-BC16-91E4A35F9882}.Debug|Win32.Build.0 = Debug|Win32
		{BFF7B166-CFB7-426C-BC16-91E4A35F9882}.Debug|x64.ActiveCfg = Debug|x64
		{BFF7B166-CFB7-426C-BC16-91E4A35F9882}.Debug|x64.Build.0 = Debug|x64
		{BFF7B166-CFB7-426C-BC16-91E4A35F9882}.Release|Win32.ActiveCfg = Release|Win32
		{BFF7B166-CFB7-426C-BC16-91E4A35F9882}.Release|Win32.Build.0 = Release|Win32
		{BFF7B166-CFB7-426C-BC16-91E4A35F9882}.Release|x64.ActiveCfg = Release|x64
		{BFF7B166-CFB7-426C-BC16-91E4A35F9882}.Release|x64.Build.0 = Release|x64
		{055644B3-BA8F-4B7D-8017-587CD6E4C994}.Debug|Win32.ActiveCfg = Debug|Win32
		{055644B3-BA8F-4B7D-8017-587CD6E4C994}.Debug|Win32.Build.0 = Debug|Win32
		{055644B3-BA8F-4B7D-8017-587CD6E4C994}.Debug|x64.ActiveCfg = Debug|x64
		{055644B3-BA8F-4B7D-8017-587CD6E4C994}.Debug|x64.Build.0 = Debug|x64
		{055644B3-BA8F-4B7D-8017-587CD6E4C994}.Release|Win32.ActiveCfg = Release|Win32
		{055644B3-BA8F-4B7D-8017-587CD6E4C994}.Release|Win32.Build.0 = Release|Win32
		{055644B3-BA8F-4B7D-8017-587CD6E4C994}.Release|x64.ActiveCfg = Release|x64
		{055644B3-BA8F-4B7D-8017-587CD6E4C994}.Release|x64.Build.0 = Release|x64
		{300AB88E-2003-40C5-81BC-F96D4571E6BE}.Debug|Win32.ActiveCfg = Debug|Win32
		{300AB88E-2003-40C5-81BC-F96D4571E6BE}.Debug|Win32.Build.0 = Debug|Win32
		{300AB88E-2003-40C5-81BC-F96D4571E6BE}.Debug|x64.ActiveCfg = Debug|x64
		{300AB88E-2003-40C5-81BC-F96D4571E6BE}.Debug|x64.Build.0 = Debug|x64
		{300AB88E-2003-40C5-81BC-F96D4571E6BE}.Release|Win32.ActiveCfg = Release|Win32
		{300AB88E-2003-40C5-81BC-F96D4571E6BE}.Release|Win32.Build.0 = Release|Win32
		{300AB88E-2003-40C5-81BC-F96D4571E6BE}.Release|x64.ActiveCfg = Release|x64
		{300AB88E-2003-40C5-81BC-F96D4571E6BE}.Release|x64.Build.0 = Release|x64
		{40BDD307-E2A8-4837-A4C6-53DCB4E8A674}.Debug|Win32.ActiveCfg = Debug|Win32
		{40BDD307-E2A8-4837-A4C6-53DCB4E8A674}.Debug|Win32.Build.0 = Debug|Win32
		{40BDD307-E2A8-4837-A4C6-53DCB4E8A674}.Debug|x64.ActiveCfg = Debug|x64
		{40BDD307-E2A8-4837-A4C6-53DCB4E8A674}.Debug|x64.Build.0 = Debug|x64
		{40BDD307-E2A8-4837-A4C6-53DCB4E8A674}.Release|Win32.ActiveCfg = Release|Win32
		{40BDD307-E2A8-4837-A4C6-53DCB4E8A674}.Release|Win32.Build.0 = Release|Win32
		{40BDD307-E2A8-4837-A4C6-53DCB4E8A674}.Release|x64.ActiveCfg = Release|x64
		{40BDD307-E2A8-4837-A4C6-53DCB4E8A674}.Release|x64.Build.0 = Release|x64
		{FDB2EED9-B7F8-4C41-91AE-EBCF966A0D39}.Debug|Win32.ActiveCfg = Debug|Win32
		{FDB2EED9-B7F8-4C41-91AE-EBCF966A0D39}.Debug|Win32.Build.0 = Debug|Win32
		{FDB2EED9-B7F8-4C41-91AE-EBCF966A0D39}.Debug|x64.ActiveCfg = Debug|x64
		{FDB2EED9-B7F8-4C41-91AE-EBCF966A0D39}.Debug|x64.Build.0 = Debug|x64
		{FDB2EED9-B7F8-4C41-91AE-EBCF966A0D39}.Release|Win32.ActiveCfg = Release|Win32
		{FDB2EED9-B7F8-4C41-91AE-EBCF966A0D39}.Release|Win32.Build.0 = Release|Win32
		{FDB2EED9-B7F8-4C41-91AE-EBCF966A0D39}.Release|x64.ActiveCfg = Release|x64
		{FDB2EED9-B7F8-4C41-91AE-EBCF966A0D39}.Release|x64.Build.0 = Release|x64
		{70894F01-3194-4CCC-947C-E87F90101351}.Debug|Win32.ActiveCfg = Debug|Win32
		{70894F01-3194-4CCC-947C-E87F90101351}.Debug|Win32.Build.0 = Debug|Win32
		{70894F01-3194-4CCC-947C-E87F90101351}.Debug|x64.ActiveCfg = Debug|x64
		{70894F01-3194-4CCC-947C-E87F90101351}.Debug|x64.Build.0 = Debug|x64
		{70894F01-3194-4CCC-947C-E87F90101351}.Release|Win32.ActiveCfg = Release|Win32
		{70894F01-3194-4CCC-947C-E87F90101351}.Release|Win32.Build.0 = Release|Win32
		{70894F01-3194-4CCC-947C-E87F90101351}.Release|x64.ActiveCfg = Release|x64
		{70894F01-3194-4CCC-947C-E87F90101351}.Release|x64.Build.0 = Release|x64
		{07D4FA24-B4FA-4D66-97F1-9B5E13674800}.Debug|Win32.ActiveCfg = Debug|Win32
		{07D4FA24-B4FA-4D66-97F1-9B5E13674800}.Debug|Win32.Build.0 = Debug|Win32
		{07D4FA24-B4FA-4D66-97F1-9B5E13674800}.Debug|x64.ActiveCfg = Debug|x64
		{07D4FA24-B4FA-4D66-97F1-9B5E13674800}.Debug|x64.Build.0 = Debug|x64
		{07D4FA24-B4FA-4D66-97F1-9B5E13674800}.Release|Win32.ActiveCfg = Release|Win32
		{07D4FA24-B4FA-4D66-97F1-9B5E13674800}.Release|Win32.Build.0 = Release|Win32
		{07D4FA24-B4FA-4D66-97F1-9B5E13674800}.Release|x64.ActiveCfg = Release|x64
		{07D4FA24-B4FA-4D66-97F1-9B5E13674800}.Release|x64.Build.0 = Release|x64
		{B907694C-D0A7-4E4B-AE52-8FE1D723E184}.Debug|Win32.ActiveCfg = Debug|Win32
		{B907694C-D0A7-4E4B-AE52-8FE1D723E184}.Debug|Win32.Build.0 = Debug|Win32
		{B907694C-D0A7-4E4B-AE52-8FE1D723E184}.Debug|x64.ActiveCfg = Debug|x64
		{B907694C-D0A7-4E4B-AE52-8FE1D723E184}.Debug|x64.Build.0 = Debug|x64
		{B907694C-D0A7-4E4B-AE52-8FE1D723E184}.Release|Win32.ActiveCfg = Release|Win32
		{B907694C-D0A7-4E4B-AE52-8FE1D723E184}.Release|Win32.Build.0 = Release|Win32
		{B907694C-D0A7-4E4B-AE52-8FE1D723E184}.Release|x64.ActiveCfg = Release|x64
		{B907694C-D0A7-4E4B-AE52-8FE1D723E184}.Release|x64.Build.0 = Release|x64
		{B9701A03-BBF3-4EBF-9854-357778DBC99C}.Debug|Win32.ActiveCfg = Debug|Win32
		{B9701A03-BBF3-4EBF-9854-357778DBC99C}.Debug|Win32.Build.0 = Debug|Win32
		{B9701A03-BBF3-4EBF-9854-357778DBC99C}.Debug|x64.ActiveCfg = Debug|x64
		{B9701A03-BBF3-4EBF-9854-357778DBC99C}.Debug|x64.Build.0 = Debug|x64
		{B9701A03-BBF3-4EBF-9854-357778DBC99C}.Release|Win32.ActiveCfg = Release|Win32
		{B9701A03-BBF3-4EBF-9854-357778DBC99C}.Release|Win32.Build.0 = Release|Win32
		{B9701A03-BBF3-4EBF-9854-357778DBC99C}.Release|x64.ActiveCfg = Release|x64
		{B9701A03-BBF3-4EBF-9854-357778DBC99C}.Release|x64.Build.0 = Release|x64
	EndGlobalSection
	GlobalSection(SolutionProperties) = preSolution
		HideSolutionNode = FALSE
	EndGlobalSection
EndGlobal
